
Microsoft Visual Studio Solution File, Format Version 12.00
# Visual Studio Version 17
VisualStudioVersion = 17.0.31903.59
MinimumVisualStudioVersion = 10.0.40219.1
Project("{FAE04EC0-301F-11D3-BF4B-00C04F79EFBC}") = "MainMenu", "MainMenu\MainMenu.csproj", "{EC0DF1F2-91AA-4D45-A4B2-89F348DABDB5}"
EndProject
Project("{FAE04EC0-301F-11D3-BF4B-00C04F79EFBC}") = "Cart", "Cart\Cart.csproj", "{6502B8A5-B15D-46B8-AD4C-31A1B456E82F}"
EndProject
Global
	GlobalSection(SolutionConfigurationPlatforms) = preSolution
		Debug|Any CPU = Debug|Any CPU
		Release|Any CPU = Release|Any CPU
	EndGlobalSection
	GlobalSection(SolutionProperties) = preSolution
		HideSolutionNode = FALSE
	EndGlobalSection
	GlobalSection(ProjectConfigurationPlatforms) = postSolution
		{EC0DF1F2-91AA-4D45-A4B2-89F348DABDB5}.Debug|Any CPU.ActiveCfg = Debug|Any CPU
		{EC0DF1F2-91AA-4D45-A4B2-89F348DABDB5}.Debug|Any CPU.Build.0 = Debug|Any CPU
		{EC0DF1F2-91AA-4D45-A4B2-89F348DABDB5}.Release|Any CPU.ActiveCfg = Release|Any CPU
		{EC0DF1F2-91AA-4D45-A4B2-89F348DABDB5}.Release|Any CPU.Build.0 = Release|Any CPU
		{6502B8A5-B15D-46B8-AD4C-31A1B456E82F}.Debug|Any CPU.ActiveCfg = Debug|Any CPU
		{6502B8A5-B15D-46B8-AD4C-31A1B456E82F}.Debug|Any CPU.Build.0 = Debug|Any CPU
		{6502B8A5-B15D-46B8-AD4C-31A1B456E82F}.Release|Any CPU.ActiveCfg = Release|Any CPU
		{6502B8A5-B15D-46B8-AD4C-31A1B456E82F}.Release|Any CPU.Build.0 = Release|Any CPU
	EndGlobalSection
EndGlobal
